
Microsoft Visual Studio Solution File, Format Version 12.00
# Visual Studio 15
VisualStudioVersion = 15.0.28307.271
MinimumVisualStudioVersion = 10.0.40219.1
Project("{FAE04EC0-301F-11D3-BF4B-00C04F79EFBC}") = "AlmostAreBugs_JSON_Generator", "AlmostAreBugs_JSON_Generator\AlmostAreBugs_JSON_Generator.csproj", "{876B0FA6-65F0-422F-A78E-D1FC7A36EE6A}"
EndProject
Global
	GlobalSection(SolutionConfigurationPlatforms) = preSolution
		Debug|Any CPU = Debug|Any CPU
		Release|Any CPU = Release|Any CPU
	EndGlobalSection
	GlobalSection(ProjectConfigurationPlatforms) = postSolution
		{876B0FA6-65F0-422F-A78E-D1FC7A36EE6A}.Debug|Any CPU.ActiveCfg = Debug|Any CPU
		{876B0FA6-65F0-422F-A78E-D1FC7A36EE6A}.Debug|Any CPU.Build.0 = Debug|Any CPU
		{876B0FA6-65F0-422F-A78E-D1FC7A36EE6A}.Release|Any CPU.ActiveCfg = Release|Any CPU
		{876B0FA6-65F0-422F-A78E-D1FC7A36EE6A}.Release|Any CPU.Build.0 = Release|Any CPU
	EndGlobalSection
	GlobalSection(SolutionProperties) = preSolution
		HideSolutionNode = FALSE
	EndGlobalSection
	GlobalSection(ExtensibilityGlobals) = postSolution
		SolutionGuid = {8E35A35D-6474-4CA3-AD88-6C0C43003112}
	EndGlobalSection
EndGlobal
